
Microsoft Visual Studio Solution File, Format Version 12.00
# Visual Studio Version 17
VisualStudioVersion = 17.0.32112.339
MinimumVisualStudioVersion = 10.0.40219.1
Project("{FAE04EC0-301F-11D3-BF4B-00C04F79EFBC}") = "GesturesPractice.Android", "GesturesPractice.Android\GesturesPractice.Android.csproj", "{71B7FE60-A00E-42B1-A223-79F0BDC52ED1}"
EndProject
Project("{FAE04EC0-301F-11D3-BF4B-00C04F79EFBC}") = "GesturesPractice.iOS", "GesturesPractice.iOS\GesturesPractice.iOS.csproj", "{6BD270AB-00CB-4EED-978F-18B5D62EA07A}"
EndProject
Project("{FAE04EC0-301F-11D3-BF4B-00C04F79EFBC}") = "GesturesPractice", "GesturesPractice\GesturesPractice.csproj", "{97A7B06F-700A-43EA-8D9C-0AD34FC952F0}"
EndProject
Global
	GlobalSection(SolutionConfigurationPlatforms) = preSolution
		Debug|Any CPU = Debug|Any CPU
		Debug|iPhone = Debug|iPhone
		Debug|iPhoneSimulator = Debug|iPhoneSimulator
		Release|Any CPU = Release|Any CPU
		Release|iPhone = Release|iPhone
		Release|iPhoneSimulator = Release|iPhoneSimulator
	EndGlobalSection
	GlobalSection(ProjectConfigurationPlatforms) = postSolution
		{71B7FE60-A00E-42B1-A223-79F0BDC52ED1}.Debug|Any CPU.ActiveCfg = Debug|Any CPU
		{71B7FE60-A00E-42B1-A223-79F0BDC52ED1}.Debug|Any CPU.Build.0 = Debug|Any CPU
		{71B7FE60-A00E-42B1-A223-79F0BDC52ED1}.Debug|Any CPU.Deploy.0 = Debug|Any CPU
		{71B7FE60-A00E-42B1-A223-79F0BDC52ED1}.Debug|iPhone.ActiveCfg = Debug|Any CPU
		{71B7FE60-A00E-42B1-A223-79F0BDC52ED1}.Debug|iPhone.Build.0 = Debug|Any CPU
		{71B7FE60-A00E-42B1-A223-79F0BDC52ED1}.Debug|iPhone.Deploy.0 = Debug|Any CPU
		{71B7FE60-A00E-42B1-A223-79F0BDC52ED1}.Debug|iPhoneSimulator.ActiveCfg = Debug|Any CPU
		{71B7FE60-A00E-42B1-A223-79F0BDC52ED1}.Debug|iPhoneSimulator.Build.0 = Debug|Any CPU
		{71B7FE60-A00E-42B1-A223-79F0BDC52ED1}.Debug|iPhoneSimulator.Deploy.0 = Debug|Any CPU
		{71B7FE60-A00E-42B1-A223-79F0BDC52ED1}.Release|Any CPU.ActiveCfg = Release|Any CPU
		{71B7FE60-A00E-42B1-A223-79F0BDC52ED1}.Release|Any CPU.Build.0 = Release|Any CPU
		{71B7FE60-A00E-42B1-A223-79F0BDC52ED1}.Release|Any CPU.Deploy.0 = Release|Any CPU
		{71B7FE60-A00E-42B1-A223-79F0BDC52ED1}.Release|iPhone.ActiveCfg = Release|Any CPU
		{71B7FE60-A00E-42B1-A223-79F0BDC52ED1}.Release|iPhone.Build.0 = Release|Any CPU
		{71B7FE60-A00E-42B1-A223-79F0BDC52ED1}.Release|iPhone.Deploy.0 = Release|Any CPU
		{71B7FE60-A00E-42B1-A223-79F0BDC52ED1}.Release|iPhoneSimulator.ActiveCfg = Release|Any CPU
		{71B7FE60-A00E-42B1-A223-79F0BDC52ED1}.Release|iPhoneSimulator.Build.0 = Release|Any CPU
		{71B7FE60-A00E-42B1-A223-79F0BDC52ED1}.Release|iPhoneSimulator.Deploy.0 = Release|Any CPU
		{6BD270AB-00CB-4EED-978F-18B5D62EA07A}.Debug|Any CPU.ActiveCfg = Debug|iPhone
		{6BD270AB-00CB-4EED-978F-18B5D62EA07A}.Debug|Any CPU.Build.0 = Debug|iPhone
		{6BD270AB-00CB-4EED-978F-18B5D62EA07A}.Debug|Any CPU.Deploy.0 = Debug|iPhone
		{6BD270AB-00CB-4EED-978F-18B5D62EA07A}.Debug|iPhone.ActiveCfg = Debug|iPhone
		{6BD270AB-00CB-4EED-978F-18B5D62EA07A}.Debug|iPhone.Build.0 = Debug|iPhone
		{6BD270AB-00CB-4EED-978F-18B5D62EA07A}.Debug|iPhone.Deploy.0 = Debug|iPhone
		{6BD270AB-00CB-4EED-978F-18B5D62EA07A}.Debug|iPhoneSimulator.ActiveCfg = Debug|iPhoneSimulator
		{6BD270AB-00CB-4EED-978F-18B5D62EA07A}.Debug|iPhoneSimulator.Build.0 = Debug|iPhoneSimulator
		{6BD270AB-00CB-4EED-978F-18B5D62EA07A}.Debug|iPhoneSimulator.Deploy.0 = Debug|iPhoneSimulator
		{6BD270AB-00CB-4EED-978F-18B5D62EA07A}.Release|Any CPU.ActiveCfg = Release|iPhoneSimulator
		{6BD270AB-00CB-4EED-978F-18B5D62EA07A}.Release|Any CPU.Build.0 = Release|iPhoneSimulator
		{6BD270AB-00CB-4EED-978F-18B5D62EA07A}.Release|Any CPU.Deploy.0 = Release|iPhoneSimulator
		{6BD270AB-00CB-4EED-978F-18B5D62EA07A}.Release|iPhone.ActiveCfg = Release|iPhone
		{6BD270AB-00CB-4EED-978F-18B5D62EA07A}.Release|iPhone.Build.0 = Release|iPhone
		{6BD270AB-00CB-4EED-978F-18B5D62EA07A}.Release|iPhone.Deploy.0 = Release|iPhone
		{6BD270AB-00CB-4EED-978F-18B5D62EA07A}.Release|iPhoneSimulator.ActiveCfg = Release|iPhoneSimulator
		{6BD270AB-00CB-4EED-978F-18B5D62EA07A}.Release|iPhoneSimulator.Build.0 = Release|iPhoneSimulator
		{6BD270AB-00CB-4EED-978F-18B5D62EA07A}.Release|iPhoneSimulator.Deploy.0 = Release|iPhoneSimulator
		{97A7B06F-700A-43EA-8D9C-0AD34FC952F0}.Debug|Any CPU.ActiveCfg = Debug|Any CPU
		{97A7B06F-700A-43EA-8D9C-0AD34FC952F0}.Debug|Any CPU.Build.0 = Debug|Any CPU
		{97A7B06F-700A-43EA-8D9C-0AD34FC952F0}.Debug|Any CPU.Deploy.0 = Debug|Any CPU
		{97A7B06F-700A-43EA-8D9C-0AD34FC952F0}.Debug|iPhone.ActiveCfg = Debug|Any CPU
		{97A7B06F-700A-43EA-8D9C-0AD34FC952F0}.Debug|iPhone.Build.0 = Debug|Any CPU
		{97A7B06F-700A-43EA-8D9C-0AD34FC952F0}.Debug|iPhone.Deploy.0 = Debug|Any CPU
		{97A7B06F-700A-43EA-8D9C-0AD34FC952F0}.Debug|iPhoneSimulator.ActiveCfg = Debug|Any CPU
		{97A7B06F-700A-43EA-8D9C-0AD34FC952F0}.Debug|iPhoneSimulator.Build.0 = Debug|Any CPU
		{97A7B06F-700A-43EA-8D9C-0AD34FC952F0}.Debug|iPhoneSimulator.Deploy.0 = Debug|Any CPU
		{97A7B06F-700A-43EA-8D9C-0AD34FC952F0}.Release|Any CPU.ActiveCfg = Release|Any CPU
		{97A7B06F-700A-43EA-8D9C-0AD34FC952F0}.Release|Any CPU.Build.0 = Release|Any CPU
		{97A7B06F-700A-43EA-8D9C-0AD34FC952F0}.Release|Any CPU.Deploy.0 = Release|Any CPU
		{97A7B06F-700A-43EA-8D9C-0AD34FC952F0}.Release|iPhone.ActiveCfg = Release|Any CPU
		{97A7B06F-700A-43EA-8D9C-0AD34FC952F0}.Release|iPhone.Build.0 = Release|Any CPU
		{97A7B06F-700A-43EA-8D9C-0AD34FC952F0}.Release|iPhone.Deploy.0 = Release|Any CPU
		{97A7B06F-700A-43EA-8D9C-0AD34FC952F0}.Release|iPhoneSimulator.ActiveCfg = Release|Any CPU
		{97A7B06F-700A-43EA-8D9C-0AD34FC952F0}.Release|iPhoneSimulator.Build.0 = Release|Any CPU
		{97A7B06F-700A-43EA-8D9C-0AD34FC952F0}.Release|iPhoneSimulator.Deploy.0 = Release|Any CPU
	EndGlobalSection
	GlobalSection(SolutionProperties) = preSolution
		HideSolutionNode = FALSE
	EndGlobalSection
	GlobalSection(ExtensibilityGlobals) = postSolution
		SolutionGuid = {EA671D91-5ED5-4000-8FBE-2ADF55296450}
	EndGlobalSection
EndGlobal
